
Microsoft Visual Studio Solution File, Format Version 12.00
# Visual Studio Version 17
VisualStudioVersion = 17.3.32901.215
MinimumVisualStudioVersion = 10.0.40219.1
Project("{FAE04EC0-301F-11D3-BF4B-00C04F79EFBC}") = "SudokuProject", "SudokuProject\SudokuProject.csproj", "{79A705D4-477E-43AB-A1D6-31006D86573C}"
EndProject
Project("{FAE04EC0-301F-11D3-BF4B-00C04F79EFBC}") = "SudokuTesting", "SudokuTesting\SudokuTesting.csproj", "{D2AFCB16-5C75-456D-B864-BCE59E6BD755}"
EndProject
Global
	GlobalSection(SolutionConfigurationPlatforms) = preSolution
		Debug|Any CPU = Debug|Any CPU
		Debug|ARM = Debug|ARM
		Debug|ARM64 = Debug|ARM64
		Debug|x64 = Debug|x64
		Debug|x86 = Debug|x86
		Release|Any CPU = Release|Any CPU
		Release|ARM = Release|ARM
		Release|ARM64 = Release|ARM64
		Release|x64 = Release|x64
		Release|x86 = Release|x86
	EndGlobalSection
	GlobalSection(ProjectConfigurationPlatforms) = postSolution
		{79A705D4-477E-43AB-A1D6-31006D86573C}.Debug|Any CPU.ActiveCfg = Debug|Any CPU
		{79A705D4-477E-43AB-A1D6-31006D86573C}.Debug|Any CPU.Build.0 = Debug|Any CPU
		{79A705D4-477E-43AB-A1D6-31006D86573C}.Debug|ARM.ActiveCfg = Debug|Any CPU
		{79A705D4-477E-43AB-A1D6-31006D86573C}.Debug|ARM.Build.0 = Debug|Any CPU
		{79A705D4-477E-43AB-A1D6-31006D86573C}.Debug|ARM64.ActiveCfg = Debug|Any CPU
		{79A705D4-477E-43AB-A1D6-31006D86573C}.Debug|ARM64.Build.0 = Debug|Any CPU
		{79A705D4-477E-43AB-A1D6-31006D86573C}.Debug|x64.ActiveCfg = Debug|Any CPU
		{79A705D4-477E-43AB-A1D6-31006D86573C}.Debug|x64.Build.0 = Debug|Any CPU
		{79A705D4-477E-43AB-A1D6-31006D86573C}.Debug|x86.ActiveCfg = Debug|Any CPU
		{79A705D4-477E-43AB-A1D6-31006D86573C}.Debug|x86.Build.0 = Debug|Any CPU
		{79A705D4-477E-43AB-A1D6-31006D86573C}.Release|Any CPU.ActiveCfg = Release|Any CPU
		{79A705D4-477E-43AB-A1D6-31006D86573C}.Release|Any CPU.Build.0 = Release|Any CPU
		{79A705D4-477E-43AB-A1D6-31006D86573C}.Release|ARM.ActiveCfg = Release|Any CPU
		{79A705D4-477E-43AB-A1D6-31006D86573C}.Release|ARM.Build.0 = Release|Any CPU
		{79A705D4-477E-43AB-A1D6-31006D86573C}.Release|ARM64.ActiveCfg = Release|Any CPU
		{79A705D4-477E-43AB-A1D6-31006D86573C}.Release|ARM64.Build.0 = Release|Any CPU
		{79A705D4-477E-43AB-A1D6-31006D86573C}.Release|x64.ActiveCfg = Release|Any CPU
		{79A705D4-477E-43AB-A1D6-31006D86573C}.Release|x64.Build.0 = Release|Any CPU
		{79A705D4-477E-43AB-A1D6-31006D86573C}.Release|x86.ActiveCfg = Release|Any CPU
		{79A705D4-477E-43AB-A1D6-31006D86573C}.Release|x86.Build.0 = Release|Any CPU
		{D2AFCB16-5C75-456D-B864-BCE59E6BD755}.Debug|Any CPU.ActiveCfg = Debug|Any CPU
		{D2AFCB16-5C75-456D-B864-BCE59E6BD755}.Debug|Any CPU.Build.0 = Debug|Any CPU
		{D2AFCB16-5C75-456D-B864-BCE59E6BD755}.Debug|ARM.ActiveCfg = Debug|Any CPU
		{D2AFCB16-5C75-456D-B864-BCE59E6BD755}.Debug|ARM.Build.0 = Debug|Any CPU
		{D2AFCB16-5C75-456D-B864-BCE59E6BD755}.Debug|ARM64.ActiveCfg = Debug|Any CPU
		{D2AFCB16-5C75-456D-B864-BCE59E6BD755}.Debug|ARM64.Build.0 = Debug|Any CPU
		{D2AFCB16-5C75-456D-B864-BCE59E6BD755}.Debug|x64.ActiveCfg = Debug|Any CPU
		{D2AFCB16-5C75-456D-B864-BCE59E6BD755}.Debug|x64.Build.0 = Debug|Any CPU
		{D2AFCB16-5C75-456D-B864-BCE59E6BD755}.Debug|x86.ActiveCfg = Debug|Any CPU
		{D2AFCB16-5C75-456D-B864-BCE59E6BD755}.Debug|x86.Build.0 = Debug|Any CPU
		{D2AFCB16-5C75-456D-B864-BCE59E6BD755}.Release|Any CPU.ActiveCfg = Release|Any CPU
		{D2AFCB16-5C75-456D-B864-BCE59E6BD755}.Release|Any CPU.Build.0 = Release|Any CPU
		{D2AFCB16-5C75-456D-B864-BCE59E6BD755}.Release|ARM.ActiveCfg = Release|Any CPU
		{D2AFCB16-5C75-456D-B864-BCE59E6BD755}.Release|ARM.Build.0 = Release|Any CPU
		{D2AFCB16-5C75-456D-B864-BCE59E6BD755}.Release|ARM64.ActiveCfg = Release|Any CPU
		{D2AFCB16-5C75-456D-B864-BCE59E6BD755}.Release|ARM64.Build.0 = Release|Any CPU
		{D2AFCB16-5C75-456D-B864-BCE59E6BD755}.Release|x64.ActiveCfg = Release|Any CPU
		{D2AFCB16-5C75-456D-B864-BCE59E6BD755}.Release|x64.Build.0 = Release|Any CPU
		{D2AFCB16-5C75-456D-B864-BCE59E6BD755}.Release|x86.ActiveCfg = Release|Any CPU
		{D2AFCB16-5C75-456D-B864-BCE59E6BD755}.Release|x86.Build.0 = Release|Any CPU
	EndGlobalSection
	GlobalSection(SolutionProperties) = preSolution
		HideSolutionNode = FALSE
	EndGlobalSection
	GlobalSection(ExtensibilityGlobals) = postSolution
		SolutionGuid = {AAC5D4F3-BE92-4979-88E6-1D147D5E031E}
	EndGlobalSection
EndGlobal
